// !$*UTF8*$!
{
	archiveVersion = 1;
	classes = {
	};
	objectVersion = 50;
	objects = {

/* Begin PBXBuildFile section */
		D43FA85825D80D1E00F460A2 /* AppDelegate.swift in Sources */ = {isa = PBXBuildFile; fileRef = D43FA85725D80D1E00F460A2 /* AppDelegate.swift */; };
		D43FA85A25D80D1E00F460A2 /* SceneDelegate.swift in Sources */ = {isa = PBXBuildFile; fileRef = D43FA85925D80D1E00F460A2 /* SceneDelegate.swift */; };
		D43FA85C25D80D1E00F460A2 /* ViewController.swift in Sources */ = {isa = PBXBuildFile; fileRef = D43FA85B25D80D1E00F460A2 /* ViewController.swift */; };
		D43FA85F25D80D1E00F460A2 /* Main.storyboard in Resources */ = {isa = PBXBuildFile; fileRef = D43FA85D25D80D1E00F460A2 /* Main.storyboard */; };
		D43FA86125D80D1F00F460A2 /* Assets.xcassets in Resources */ = {isa = PBXBuildFile; fileRef = D43FA86025D80D1F00F460A2 /* Assets.xcassets */; };
		D43FA86425D80D1F00F460A2 /* LaunchScreen.storyboard in Resources */ = {isa = PBXBuildFile; fileRef = D43FA86225D80D1F00F460A2 /* LaunchScreen.storyboard */; };
		D43FA86F25D80D1F00F460A2 /* NasaViewerTests.swift in Sources */ = {isa = PBXBuildFile; fileRef = D43FA86E25D80D1F00F460A2 /* NasaViewerTests.swift */; };
		D43FA87A25D80D1F00F460A2 /* NasaViewerUITests.swift in Sources */ = {isa = PBXBuildFile; fileRef = D43FA87925D80D1F00F460A2 /* NasaViewerUITests.swift */; };
		D43FA88C25D810F100F460A2 /* AstronomyModel.swift in Sources */ = {isa = PBXBuildFile; fileRef = D43FA88B25D810F100F460A2 /* AstronomyModel.swift */; };
		D43FA88E25D812A900F460A2 /* NetworkManager.swift in Sources */ = {isa = PBXBuildFile; fileRef = D43FA88D25D812A900F460A2 /* NetworkManager.swift */; };
		D43FA89025D8180A00F460A2 /* AnatomyViewModel.swift in Sources */ = {isa = PBXBuildFile; fileRef = D43FA88F25D8180A00F460A2 /* AnatomyViewModel.swift */; };
		D43FA89325D8186C00F460A2 /* LocalizableString.swift in Sources */ = {isa = PBXBuildFile; fileRef = D43FA89225D8186C00F460A2 /* LocalizableString.swift */; };
		D43FA89525D8188400F460A2 /* Localizable.strings in Resources */ = {isa = PBXBuildFile; fileRef = D43FA89425D8188400F460A2 /* Localizable.strings */; };
		D43FA89925D818BA00F460A2 /* String.swift in Sources */ = {isa = PBXBuildFile; fileRef = D43FA89825D818BA00F460A2 /* String.swift */; };
/* End PBXBuildFile section */

/* Begin PBXContainerItemProxy section */
		D43FA86B25D80D1F00F460A2 /* PBXContainerItemProxy */ = {
			isa = PBXContainerItemProxy;
			containerPortal = D43FA84C25D80D1E00F460A2 /* Project object */;
			proxyType = 1;
			remoteGlobalIDString = D43FA85325D80D1E00F460A2;
			remoteInfo = NasaViewer;
		};
		D43FA87625D80D1F00F460A2 /* PBXContainerItemProxy */ = {
			isa = PBXContainerItemProxy;
			containerPortal = D43FA84C25D80D1E00F460A2 /* Project object */;
			proxyType = 1;
			remoteGlobalIDString = D43FA85325D80D1E00F460A2;
			remoteInfo = NasaViewer;
		};
/* End PBXContainerItemProxy section */

/* Begin PBXFileReference section */
		D43FA85425D80D1E00F460A2 /* NasaViewer.app */ = {isa = PBXFileReference; explicitFileType = wrapper.application; includeInIndex = 0; path = NasaViewer.app; sourceTree = BUILT_PRODUCTS_DIR; };
		D43FA85725D80D1E00F460A2 /* AppDelegate.swift */ = {isa = PBXFileReference; lastKnownFileType = sourcecode.swift; path = AppDelegate.swift; sourceTree = "<group>"; };
		D43FA85925D80D1E00F460A2 /* SceneDelegate.swift */ = {isa = PBXFileReference; lastKnownFileType = sourcecode.swift; path = SceneDelegate.swift; sourceTree = "<group>"; };
		D43FA85B25D80D1E00F460A2 /* ViewController.swift */ = {isa = PBXFileReference; lastKnownFileType = sourcecode.swift; path = ViewController.swift; sourceTree = "<group>"; };
		D43FA85E25D80D1E00F460A2 /* Base */ = {isa = PBXFileReference; lastKnownFileType = file.storyboard; name = Base; path = Base.lproj/Main.storyboard; sourceTree = "<group>"; };
		D43FA86025D80D1F00F460A2 /* Assets.xcassets */ = {isa = PBXFileReference; lastKnownFileType = folder.assetcatalog; path = Assets.xcassets; sourceTree = "<group>"; };
		D43FA86325D80D1F00F460A2 /* Base */ = {isa = PBXFileReference; lastKnownFileType = file.storyboard; name = Base; path = Base.lproj/LaunchScreen.storyboard; sourceTree = "<group>"; };
		D43FA86525D80D1F00F460A2 /* Info.plist */ = {isa = PBXFileReference; lastKnownFileType = text.plist.xml; path = Info.plist; sourceTree = "<group>"; };
		D43FA86A25D80D1F00F460A2 /* NasaViewerTests.xctest */ = {isa = PBXFileReference; explicitFileType = wrapper.cfbundle; includeInIndex = 0; path = NasaViewerTests.xctest; sourceTree = BUILT_PRODUCTS_DIR; };
		D43FA86E25D80D1F00F460A2 /* NasaViewerTests.swift */ = {isa = PBXFileReference; lastKnownFileType = sourcecode.swift; path = NasaViewerTests.swift; sourceTree = "<group>"; };
		D43FA87025D80D1F00F460A2 /* Info.plist */ = {isa = PBXFileReference; lastKnownFileType = text.plist.xml; path = Info.plist; sourceTree = "<group>"; };
		D43FA87525D80D1F00F460A2 /* NasaViewerUITests.xctest */ = {isa = PBXFileReference; explicitFileType = wrapper.cfbundle; includeInIndex = 0; path = NasaViewerUITests.xctest; sourceTree = BUILT_PRODUCTS_DIR; };
		D43FA87925D80D1F00F460A2 /* NasaViewerUITests.swift */ = {isa = PBXFileReference; lastKnownFileType = sourcecode.swift; path = NasaViewerUITests.swift; sourceTree = "<group>"; };
		D43FA87B25D80D1F00F460A2 /* Info.plist */ = {isa = PBXFileReference; lastKnownFileType = text.plist.xml; path = Info.plist; sourceTree = "<group>"; };
		D43FA88B25D810F100F460A2 /* AstronomyModel.swift */ = {isa = PBXFileReference; lastKnownFileType = sourcecode.swift; path = AstronomyModel.swift; sourceTree = "<group>"; };
		D43FA88D25D812A900F460A2 /* NetworkManager.swift */ = {isa = PBXFileReference; lastKnownFileType = sourcecode.swift; path = NetworkManager.swift; sourceTree = "<group>"; };
		D43FA88F25D8180A00F460A2 /* AnatomyViewModel.swift */ = {isa = PBXFileReference; lastKnownFileType = sourcecode.swift; path = AnatomyViewModel.swift; sourceTree = "<group>"; };
		D43FA89225D8186C00F460A2 /* LocalizableString.swift */ = {isa = PBXFileReference; lastKnownFileType = sourcecode.swift; path = LocalizableString.swift; sourceTree = "<group>"; };
		D43FA89425D8188400F460A2 /* Localizable.strings */ = {isa = PBXFileReference; lastKnownFileType = text.plist.strings; path = Localizable.strings; sourceTree = "<group>"; };
		D43FA89825D818BA00F460A2 /* String.swift */ = {isa = PBXFileReference; lastKnownFileType = sourcecode.swift; path = String.swift; sourceTree = "<group>"; };
/* End PBXFileReference section */

/* Begin PBXFrameworksBuildPhase section */
		D43FA85125D80D1E00F460A2 /* Frameworks */ = {
			isa = PBXFrameworksBuildPhase;
			buildActionMask = 2147483647;
			files = (
			);
			runOnlyForDeploymentPostprocessing = 0;
		};
		D43FA86725D80D1F00F460A2 /* Frameworks */ = {
			isa = PBXFrameworksBuildPhase;
			buildActionMask = 2147483647;
			files = (
			);
			runOnlyForDeploymentPostprocessing = 0;
		};
		D43FA87225D80D1F00F460A2 /* Frameworks */ = {
			isa = PBXFrameworksBuildPhase;
			buildActionMask = 2147483647;
			files = (
			);
			runOnlyForDeploymentPostprocessing = 0;
		};
/* End PBXFrameworksBuildPhase section */

/* Begin PBXGroup section */
		D43FA84B25D80D1E00F460A2 = {
			isa = PBXGroup;
			children = (
				D43FA85625D80D1E00F460A2 /* NasaViewer */,
				D43FA86D25D80D1F00F460A2 /* NasaViewerTests */,
				D43FA87825D80D1F00F460A2 /* NasaViewerUITests */,
				D43FA85525D80D1E00F460A2 /* Products */,
			);
			sourceTree = "<group>";
		};
		D43FA85525D80D1E00F460A2 /* Products */ = {
			isa = PBXGroup;
			children = (
				D43FA85425D80D1E00F460A2 /* NasaViewer.app */,
				D43FA86A25D80D1F00F460A2 /* NasaViewerTests.xctest */,
				D43FA87525D80D1F00F460A2 /* NasaViewerUITests.xctest */,
			);
			name = Products;
			sourceTree = "<group>";
		};
		D43FA85625D80D1E00F460A2 /* NasaViewer */ = {
			isa = PBXGroup;
			children = (
				D43FA89725D818B000F460A2 /* Extensions */,
				D43FA89625D8188A00F460A2 /* Infra */,
				D43FA89125D8185600F460A2 /* Localizer */,
				D43FA88A25D8104B00F460A2 /* NetworkManager */,
				D43FA88925D8104500F460A2 /* ViewModel */,
				D43FA88825D8103F00F460A2 /* View */,
				D43FA88725D8103700F460A2 /* Model */,
				D43FA86025D80D1F00F460A2 /* Assets.xcassets */,
				D43FA86525D80D1F00F460A2 /* Info.plist */,
			);
			path = NasaViewer;
			sourceTree = "<group>";
		};
		D43FA86D25D80D1F00F460A2 /* NasaViewerTests */ = {
			isa = PBXGroup;
			children = (
				D43FA86E25D80D1F00F460A2 /* NasaViewerTests.swift */,
				D43FA87025D80D1F00F460A2 /* Info.plist */,
			);
			path = NasaViewerTests;
			sourceTree = "<group>";
		};
		D43FA87825D80D1F00F460A2 /* NasaViewerUITests */ = {
			isa = PBXGroup;
			children = (
				D43FA87925D80D1F00F460A2 /* NasaViewerUITests.swift */,
				D43FA87B25D80D1F00F460A2 /* Info.plist */,
			);
			path = NasaViewerUITests;
			sourceTree = "<group>";
		};
		D43FA88725D8103700F460A2 /* Model */ = {
			isa = PBXGroup;
			children = (
				D43FA88B25D810F100F460A2 /* AstronomyModel.swift */,
			);
			path = Model;
			sourceTree = "<group>";
		};
		D43FA88825D8103F00F460A2 /* View */ = {
			isa = PBXGroup;
			children = (
				D43FA86225D80D1F00F460A2 /* LaunchScreen.storyboard */,
				D43FA85B25D80D1E00F460A2 /* ViewController.swift */,
				D43FA85D25D80D1E00F460A2 /* Main.storyboard */,
			);
			path = View;
			sourceTree = "<group>";
		};
		D43FA88925D8104500F460A2 /* ViewModel */ = {
			isa = PBXGroup;
			children = (
				D43FA88F25D8180A00F460A2 /* AnatomyViewModel.swift */,
			);
			path = ViewModel;
			sourceTree = "<group>";
		};
		D43FA88A25D8104B00F460A2 /* NetworkManager */ = {
			isa = PBXGroup;
			children = (
				D43FA88D25D812A900F460A2 /* NetworkManager.swift */,
			);
			path = NetworkManager;
			sourceTree = "<group>";
		};
		D43FA89125D8185600F460A2 /* Localizer */ = {
			isa = PBXGroup;
			children = (
				D43FA89225D8186C00F460A2 /* LocalizableString.swift */,
				D43FA89425D8188400F460A2 /* Localizable.strings */,
			);
			path = Localizer;
			sourceTree = "<group>";
		};
		D43FA89625D8188A00F460A2 /* Infra */ = {
			isa = PBXGroup;
			children = (
				D43FA85725D80D1E00F460A2 /* AppDelegate.swift */,
				D43FA85925D80D1E00F460A2 /* SceneDelegate.swift */,
			);
			path = Infra;
			sourceTree = "<group>";
		};
		D43FA89725D818B000F460A2 /* Extensions */ = {
			isa = PBXGroup;
			children = (
				D43FA89825D818BA00F460A2 /* String.swift */,
			);
			path = Extensions;
			sourceTree = "<group>";
		};
/* End PBXGroup section */

/* Begin PBXNativeTarget section */
		D43FA85325D80D1E00F460A2 /* NasaViewer */ = {
			isa = PBXNativeTarget;
			buildConfigurationList = D43FA87E25D80D1F00F460A2 /* Build configuration list for PBXNativeTarget "NasaViewer" */;
			buildPhases = (
				D43FA85025D80D1E00F460A2 /* Sources */,
				D43FA85125D80D1E00F460A2 /* Frameworks */,
				D43FA85225D80D1E00F460A2 /* Resources */,
			);
			buildRules = (
			);
			dependencies = (
			);
			name = NasaViewer;
			productName = NasaViewer;
			productReference = D43FA85425D80D1E00F460A2 /* NasaViewer.app */;
			productType = "com.apple.product-type.application";
		};
		D43FA86925D80D1F00F460A2 /* NasaViewerTests */ = {
			isa = PBXNativeTarget;
			buildConfigurationList = D43FA88125D80D1F00F460A2 /* Build configuration list for PBXNativeTarget "NasaViewerTests" */;
			buildPhases = (
				D43FA86625D80D1F00F460A2 /* Sources */,
				D43FA86725D80D1F00F460A2 /* Frameworks */,
				D43FA86825D80D1F00F460A2 /* Resources */,
			);
			buildRules = (
			);
			dependencies = (
				D43FA86C25D80D1F00F460A2 /* PBXTargetDependency */,
			);
			name = NasaViewerTests;
			productName = NasaViewerTests;
			productReference = D43FA86A25D80D1F00F460A2 /* NasaViewerTests.xctest */;
			productType = "com.apple.product-type.bundle.unit-test";
		};
		D43FA87425D80D1F00F460A2 /* NasaViewerUITests */ = {
			isa = PBXNativeTarget;
			buildConfigurationList = D43FA88425D80D1F00F460A2 /* Build configuration list for PBXNativeTarget "NasaViewerUITests" */;
			buildPhases = (
				D43FA87125D80D1F00F460A2 /* Sources */,
				D43FA87225D80D1F00F460A2 /* Frameworks */,
				D43FA87325D80D1F00F460A2 /* Resources */,
			);
			buildRules = (
			);
			dependencies = (
				D43FA87725D80D1F00F460A2 /* PBXTargetDependency */,
			);
			name = NasaViewerUITests;
			productName = NasaViewerUITests;
			productReference = D43FA87525D80D1F00F460A2 /* NasaViewerUITests.xctest */;
			productType = "com.apple.product-type.bundle.ui-testing";
		};
/* End PBXNativeTarget section */

/* Begin PBXProject section */
		D43FA84C25D80D1E00F460A2 /* Project object */ = {
			isa = PBXProject;
			attributes = {
				LastSwiftUpdateCheck = 1170;
				LastUpgradeCheck = 1170;
				ORGANIZATIONNAME = "Geovanni Oliveira de Jesus";
				TargetAttributes = {
					D43FA85325D80D1E00F460A2 = {
						CreatedOnToolsVersion = 11.7;
					};
					D43FA86925D80D1F00F460A2 = {
						CreatedOnToolsVersion = 11.7;
						TestTargetID = D43FA85325D80D1E00F460A2;
					};
					D43FA87425D80D1F00F460A2 = {
						CreatedOnToolsVersion = 11.7;
						TestTargetID = D43FA85325D80D1E00F460A2;
					};
				};
			};
			buildConfigurationList = D43FA84F25D80D1E00F460A2 /* Build configuration list for PBXProject "NasaViewer" */;
			compatibilityVersion = "Xcode 9.3";
			developmentRegion = en;
			hasScannedForEncodings = 0;
			knownRegions = (
				en,
				Base,
			);
			mainGroup = D43FA84B25D80D1E00F460A2;
			productRefGroup = D43FA85525D80D1E00F460A2 /* Products */;
			projectDirPath = "";
			projectRoot = "";
			targets = (
				D43FA85325D80D1E00F460A2 /* NasaViewer */,
				D43FA86925D80D1F00F460A2 /* NasaViewerTests */,
				D43FA87425D80D1F00F460A2 /* NasaViewerUITests */,
			);
		};
/* End PBXProject section */

/* Begin PBXResourcesBuildPhase section */
		D43FA85225D80D1E00F460A2 /* Resources */ = {
			isa = PBXResourcesBuildPhase;
			buildActionMask = 2147483647;
			files = (
				D43FA86425D80D1F00F460A2 /* LaunchScreen.storyboard in Resources */,
				D43FA86125D80D1F00F460A2 /* Assets.xcassets in Resources */,
				D43FA85F25D80D1E00F460A2 /* Main.storyboard in Resources */,
				D43FA89525D8188400F460A2 /* Localizable.strings in Resources */,
			);
			runOnlyForDeploymentPostprocessing = 0;
		};
		D43FA86825D80D1F00F460A2 /* Resources */ = {
			isa = PBXResourcesBuildPhase;
			buildActionMask = 2147483647;
			files = (
			);
			runOnlyForDeploymentPostprocessing = 0;
		};
		D43FA87325D80D1F00F460A2 /* Resources */ = {
			isa = PBXResourcesBuildPhase;
			buildActionMask = 2147483647;
			files = (
			);
			runOnlyForDeploymentPostprocessing = 0;
		};
/* End PBXResourcesBuildPhase section */

/* Begin PBXSourcesBuildPhase section */
		D43FA85025D80D1E00F460A2 /* Sources */ = {
			isa = PBXSourcesBuildPhase;
			buildActionMask = 2147483647;
			files = (
				D43FA89025D8180A00F460A2 /* AnatomyViewModel.swift in Sources */,
				D43FA88C25D810F100F460A2 /* AstronomyModel.swift in Sources */,
				D43FA85C25D80D1E00F460A2 /* ViewController.swift in Sources */,
				D43FA88E25D812A900F460A2 /* NetworkManager.swift in Sources */,
				D43FA85825D80D1E00F460A2 /* AppDelegate.swift in Sources */,
				D43FA85A25D80D1E00F460A2 /* SceneDelegate.swift in Sources */,
				D43FA89925D818BA00F460A2 /* String.swift in Sources */,
				D43FA89325D8186C00F460A2 /* LocalizableString.swift in Sources */,
			);
			runOnlyForDeploymentPostprocessing = 0;
		};
		D43FA86625D80D1F00F460A2 /* Sources */ = {
			isa = PBXSourcesBuildPhase;
			buildActionMask = 2147483647;
			files = (
				D43FA86F25D80D1F00F460A2 /* NasaViewerTests.swift in Sources */,
			);
			runOnlyForDeploymentPostprocessing = 0;
		};
		D43FA87125D80D1F00F460A2 /* Sources */ = {
			isa = PBXSourcesBuildPhase;
			buildActionMask = 2147483647;
			files = (
				D43FA87A25D80D1F00F460A2 /* NasaViewerUITests.swift in Sources */,
			);
			runOnlyForDeploymentPostprocessing = 0;
		};
/* End PBXSourcesBuildPhase section */

/* Begin PBXTargetDependency section */
		D43FA86C25D80D1F00F460A2 /* PBXTargetDependency */ = {
			isa = PBXTargetDependency;
			target = D43FA85325D80D1E00F460A2 /* NasaViewer */;
			targetProxy = D43FA86B25D80D1F00F460A2 /* PBXContainerItemProxy */;
		};
		D43FA87725D80D1F00F460A2 /* PBXTargetDependency */ = {
			isa = PBXTargetDependency;
			target = D43FA85325D80D1E00F460A2 /* NasaViewer */;
			targetProxy = D43FA87625D80D1F00F460A2 /* PBXContainerItemProxy */;
		};
/* End PBXTargetDependency section */

/* Begin PBXVariantGroup section */
		D43FA85D25D80D1E00F460A2 /* Main.storyboard */ = {
			isa = PBXVariantGroup;
			children = (
				D43FA85E25D80D1E00F460A2 /* Base */,
			);
			name = Main.storyboard;
			sourceTree = "<group>";
		};
		D43FA86225D80D1F00F460A2 /* LaunchScreen.storyboard */ = {
			isa = PBXVariantGroup;
			children = (
				D43FA86325D80D1F00F460A2 /* Base */,
			);
			name = LaunchScreen.storyboard;
			sourceTree = "<group>";
		};
/* End PBXVariantGroup section */

/* Begin XCBuildConfiguration section */
		D43FA87C25D80D1F00F460A2 /* Debug */ = {
			isa = XCBuildConfiguration;
			buildSettings = {
				ALWAYS_SEARCH_USER_PATHS = NO;
				CLANG_ANALYZER_NONNULL = YES;
				CLANG_ANALYZER_NUMBER_OBJECT_CONVERSION = YES_AGGRESSIVE;
				CLANG_CXX_LANGUAGE_STANDARD = "gnu++14";
				CLANG_CXX_LIBRARY = "libc++";
				CLANG_ENABLE_MODULES = YES;
				CLANG_ENABLE_OBJC_ARC = YES;
				CLANG_ENABLE_OBJC_WEAK = YES;
				CLANG_WARN_BLOCK_CAPTURE_AUTORELEASING = YES;
				CLANG_WARN_BOOL_CONVERSION = YES;
				CLANG_WARN_COMMA = YES;
				CLANG_WARN_CONSTANT_CONVERSION = YES;
				CLANG_WARN_DEPRECATED_OBJC_IMPLEMENTATIONS = YES;
				CLANG_WARN_DIRECT_OBJC_ISA_USAGE = YES_ERROR;
				CLANG_WARN_DOCUMENTATION_COMMENTS = YES;
				CLANG_WARN_EMPTY_BODY = YES;
				CLANG_WARN_ENUM_CONVERSION = YES;
				CLANG_WARN_INFINITE_RECURSION = YES;
				CLANG_WARN_INT_CONVERSION = YES;
				CLANG_WARN_NON_LITERAL_NULL_CONVERSION = YES;
				CLANG_WARN_OBJC_IMPLICIT_RETAIN_SELF = YES;
				CLANG_WARN_OBJC_LITERAL_CONVERSION = YES;
				CLANG_WARN_OBJC_ROOT_CLASS = YES_ERROR;
				CLANG_WARN_RANGE_LOOP_ANALYSIS = YES;
				CLANG_WARN_STRICT_PROTOTYPES = YES;
				CLANG_WARN_SUSPICIOUS_MOVE = YES;
				CLANG_WARN_UNGUARDED_AVAILABILITY = YES_AGGRESSIVE;
				CLANG_WARN_UNREACHABLE_CODE = YES;
				CLANG_WARN__DUPLICATE_METHOD_MATCH = YES;
				COPY_PHASE_STRIP = NO;
				DEBUG_INFORMATION_FORMAT = dwarf;
				ENABLE_STRICT_OBJC_MSGSEND = YES;
				ENABLE_TESTABILITY = YES;
				GCC_C_LANGUAGE_STANDARD = gnu11;
				GCC_DYNAMIC_NO_PIC = NO;
				GCC_NO_COMMON_BLOCKS = YES;
				GCC_OPTIMIZATION_LEVEL = 0;
				GCC_PREPROCESSOR_DEFINITIONS = (
					"DEBUG=1",
					"$(inherited)",
				);
				GCC_WARN_64_TO_32_BIT_CONVERSION = YES;
				GCC_WARN_ABOUT_RETURN_TYPE = YES_ERROR;
				GCC_WARN_UNDECLARED_SELECTOR = YES;
				GCC_WARN_UNINITIALIZED_AUTOS = YES_AGGRESSIVE;
				GCC_WARN_UNUSED_FUNCTION = YES;
				GCC_WARN_UNUSED_VARIABLE = YES;
				IPHONEOS_DEPLOYMENT_TARGET = 13.7;
				MTL_ENABLE_DEBUG_INFO = INCLUDE_SOURCE;
				MTL_FAST_MATH = YES;
				ONLY_ACTIVE_ARCH = YES;
				SDKROOT = iphoneos;
				SWIFT_ACTIVE_COMPILATION_CONDITIONS = DEBUG;
				SWIFT_OPTIMIZATION_LEVEL = "-Onone";
			};
			name = Debug;
		};
		D43FA87D25D80D1F00F460A2 /* Release */ = {
			isa = XCBuildConfiguration;
			buildSettings = {
				ALWAYS_SEARCH_USER_PATHS = NO;
				CLANG_ANALYZER_NONNULL = YES;
				CLANG_ANALYZER_NUMBER_OBJECT_CONVERSION = YES_AGGRESSIVE;
				CLANG_CXX_LANGUAGE_STANDARD = "gnu++14";
				CLANG_CXX_LIBRARY = "libc++";
				CLANG_ENABLE_MODULES = YES;
				CLANG_ENABLE_OBJC_ARC = YES;
				CLANG_ENABLE_OBJC_WEAK = YES;
				CLANG_WARN_BLOCK_CAPTURE_AUTORELEASING = YES;
				CLANG_WARN_BOOL_CONVERSION = YES;
				CLANG_WARN_COMMA = YES;
				CLANG_WARN_CONSTANT_CONVERSION = YES;
				CLANG_WARN_DEPRECATED_OBJC_IMPLEMENTATIONS = YES;
				CLANG_WARN_DIRECT_OBJC_ISA_USAGE = YES_ERROR;
				CLANG_WARN_DOCUMENTATION_COMMENTS = YES;
				CLANG_WARN_EMPTY_BODY = YES;
				CLANG_WARN_ENUM_CONVERSION = YES;
				CLANG_WARN_INFINITE_RECURSION = YES;
				CLANG_WARN_INT_CONVERSION = YES;
				CLANG_WARN_NON_LITERAL_NULL_CONVERSION = YES;
				CLANG_WARN_OBJC_IMPLICIT_RETAIN_SELF = YES;
				CLANG_WARN_OBJC_LITERAL_CONVERSION = YES;
				CLANG_WARN_OBJC_ROOT_CLASS = YES_ERROR;
				CLANG_WARN_RANGE_LOOP_ANALYSIS = YES;
				CLANG_WARN_STRICT_PROTOTYPES = YES;
				CLANG_WARN_SUSPICIOUS_MOVE = YES;
				CLANG_WARN_UNGUARDED_AVAILABILITY = YES_AGGRESSIVE;
				CLANG_WARN_UNREACHABLE_CODE = YES;
				CLANG_WARN__DUPLICATE_METHOD_MATCH = YES;
				COPY_PHASE_STRIP = NO;
				DEBUG_INFORMATION_FORMAT = "dwarf-with-dsym";
				ENABLE_NS_ASSERTIONS = NO;
				ENABLE_STRICT_OBJC_MSGSEND = YES;
				GCC_C_LANGUAGE_STANDARD = gnu11;
				GCC_NO_COMMON_BLOCKS = YES;
				GCC_WARN_64_TO_32_BIT_CONVERSION = YES;
				GCC_WARN_ABOUT_RETURN_TYPE = YES_ERROR;
				GCC_WARN_UNDECLARED_SELECTOR = YES;
				GCC_WARN_UNINITIALIZED_AUTOS = YES_AGGRESSIVE;
				GCC_WARN_UNUSED_FUNCTION = YES;
				GCC_WARN_UNUSED_VARIABLE = YES;
				IPHONEOS_DEPLOYMENT_TARGET = 13.7;
				MTL_ENABLE_DEBUG_INFO = NO;
				MTL_FAST_MATH = YES;
				SDKROOT = iphoneos;
				SWIFT_COMPILATION_MODE = wholemodule;
				SWIFT_OPTIMIZATION_LEVEL = "-O";
				VALIDATE_PRODUCT = YES;
			};
			name = Release;
		};
		D43FA87F25D80D1F00F460A2 /* Debug */ = {
			isa = XCBuildConfiguration;
			buildSettings = {
				ASSETCATALOG_COMPILER_APPICON_NAME = AppIcon;
				CODE_SIGN_STYLE = Automatic;
				INFOPLIST_FILE = NasaViewer/Info.plist;
				LD_RUNPATH_SEARCH_PATHS = (
					"$(inherited)",
					"@executable_path/Frameworks",
				);
				PRODUCT_BUNDLE_IDENTIFIER = asdf.NasaViewer;
				PRODUCT_NAME = "$(TARGET_NAME)";
				SWIFT_VERSION = 5.0;
				TARGETED_DEVICE_FAMILY = "1,2";
			};
			name = Debug;
		};
		D43FA88025D80D1F00F460A2 /* Release */ = {
			isa = XCBuildConfiguration;
			buildSettings = {
				ASSETCATALOG_COMPILER_APPICON_NAME = AppIcon;
				CODE_SIGN_STYLE = Automatic;
				INFOPLIST_FILE = NasaViewer/Info.plist;
				LD_RUNPATH_SEARCH_PATHS = (
					"$(inherited)",
					"@executable_path/Frameworks",
				);
				PRODUCT_BUNDLE_IDENTIFIER = asdf.NasaViewer;
				PRODUCT_NAME = "$(TARGET_NAME)";
				SWIFT_VERSION = 5.0;
				TARGETED_DEVICE_FAMILY = "1,2";
			};
			name = Release;
		};
		D43FA88225D80D1F00F460A2 /* Debug */ = {
			isa = XCBuildConfiguration;
			buildSettings = {
				ALWAYS_EMBED_SWIFT_STANDARD_LIBRARIES = YES;
				BUNDLE_LOADER = "$(TEST_HOST)";
				CODE_SIGN_STYLE = Automatic;
				INFOPLIST_FILE = NasaViewerTests/Info.plist;
				IPHONEOS_DEPLOYMENT_TARGET = 13.7;
				LD_RUNPATH_SEARCH_PATHS = (
					"$(inherited)",
					"@executable_path/Frameworks",
					"@loader_path/Frameworks",
				);
				PRODUCT_BUNDLE_IDENTIFIER = asdf.NasaViewerTests;
				PRODUCT_NAME = "$(TARGET_NAME)";
				SWIFT_VERSION = 5.0;
				TARGETED_DEVICE_FAMILY = "1,2";
				TEST_HOST = "$(BUILT_PRODUCTS_DIR)/NasaViewer.app/NasaViewer";
			};
			name = Debug;
		};
		D43FA88325D80D1F00F460A2 /* Release */ = {
			isa = XCBuildConfiguration;
			buildSettings = {
				ALWAYS_EMBED_SWIFT_STANDARD_LIBRARIES = YES;
				BUNDLE_LOADER = "$(TEST_HOST)";
				CODE_SIGN_STYLE = Automatic;
				INFOPLIST_FILE = NasaViewerTests/Info.plist;
				IPHONEOS_DEPLOYMENT_TARGET = 13.7;
				LD_RUNPATH_SEARCH_PATHS = (
					"$(inherited)",
					"@executable_path/Frameworks",
					"@loader_path/Frameworks",
				);
				PRODUCT_BUNDLE_IDENTIFIER = asdf.NasaViewerTests;
				PRODUCT_NAME = "$(TARGET_NAME)";
				SWIFT_VERSION = 5.0;
				TARGETED_DEVICE_FAMILY = "1,2";
				TEST_HOST = "$(BUILT_PRODUCTS_DIR)/NasaViewer.app/NasaViewer";
			};
			name = Release;
		};
		D43FA88525D80D1F00F460A2 /* Debug */ = {
			isa = XCBuildConfiguration;
			buildSettings = {
				ALWAYS_EMBED_SWIFT_STANDARD_LIBRARIES = YES;
				CODE_SIGN_STYLE = Automatic;
				INFOPLIST_FILE = NasaViewerUITests/Info.plist;
				LD_RUNPATH_SEARCH_PATHS = (
					"$(inherited)",
					"@executable_path/Frameworks",
					"@loader_path/Frameworks",
				);
				PRODUCT_BUNDLE_IDENTIFIER = asdf.NasaViewerUITests;
				PRODUCT_NAME = "$(TARGET_NAME)";
				SWIFT_VERSION = 5.0;
				TARGETED_DEVICE_FAMILY = "1,2";
				TEST_TARGET_NAME = NasaViewer;
			};
			name = Debug;
		};
		D43FA88625D80D1F00F460A2 /* Release */ = {
			isa = XCBuildConfiguration;
			buildSettings = {
				ALWAYS_EMBED_SWIFT_STANDARD_LIBRARIES = YES;
				CODE_SIGN_STYLE = Automatic;
				INFOPLIST_FILE = NasaViewerUITests/Info.plist;
				LD_RUNPATH_SEARCH_PATHS = (
					"$(inherited)",
					"@executable_path/Frameworks",
					"@loader_path/Frameworks",
				);
				PRODUCT_BUNDLE_IDENTIFIER = asdf.NasaViewerUITests;
				PRODUCT_NAME = "$(TARGET_NAME)";
				SWIFT_VERSION = 5.0;
				TARGETED_DEVICE_FAMILY = "1,2";
				TEST_TARGET_NAME = NasaViewer;
			};
			name = Release;
		};
/* End XCBuildConfiguration section */

/* Begin XCConfigurationList section */
		D43FA84F25D80D1E00F460A2 /* Build configuration list for PBXProject "NasaViewer" */ = {
			isa = XCConfigurationList;
			buildConfigurations = (
				D43FA87C25D80D1F00F460A2 /* Debug */,
				D43FA87D25D80D1F00F460A2 /* Release */,
			);
			defaultConfigurationIsVisible = 0;
			defaultConfigurationName = Release;
		};
		D43FA87E25D80D1F00F460A2 /* Build configuration list for PBXNativeTarget "NasaViewer" */ = {
			isa = XCConfigurationList;
			buildConfigurations = (
				D43FA87F25D80D1F00F460A2 /* Debug */,
				D43FA88025D80D1F00F460A2 /* Release */,
			);
			defaultConfigurationIsVisible = 0;
			defaultConfigurationName = Release;
		};
		D43FA88125D80D1F00F460A2 /* Build configuration list for PBXNativeTarget "NasaViewerTests" */ = {
			isa = XCConfigurationList;
			buildConfigurations = (
				D43FA88225D80D1F00F460A2 /* Debug */,
				D43FA88325D80D1F00F460A2 /* Release */,
			);
			defaultConfigurationIsVisible = 0;
			defaultConfigurationName = Release;
		};
		D43FA88425D80D1F00F460A2 /* Build configuration list for PBXNativeTarget "NasaViewerUITests" */ = {
			isa = XCConfigurationList;
			buildConfigurations = (
				D43FA88525D80D1F00F460A2 /* Debug */,
				D43FA88625D80D1F00F460A2 /* Release */,
			);
			defaultConfigurationIsVisible = 0;
			defaultConfigurationName = Release;
		};
/* End XCConfigurationList section */
	};
	rootObject = D43FA84C25D80D1E00F460A2 /* Project object */;
}
